
Microsoft Visual Studio Solution File, Format Version 12.00
# Visual Studio Version 17
VisualStudioVersion = 17.8.34330.188
MinimumVisualStudioVersion = 10.0.40219.1
Project("{FAE04EC0-301F-11D3-BF4B-00C04F79EFBC}") = "AricimAPI", "AricimAPI\AricimAPI.csproj", "{B0EE9C39-CE0B-4441-A2DA-45DC57A1AEB9}"
EndProject
Project("{FAE04EC0-301F-11D3-BF4B-00C04F79EFBC}") = "Application", "Application\Application.csproj", "{A53A7230-1A54-48DA-9C04-E3F96C19DB99}"
EndProject
Project("{FAE04EC0-301F-11D3-BF4B-00C04F79EFBC}") = "Domain", "Domain\Domain.csproj", "{95CA70A5-59FC-486E-951E-5A93227C071D}"
EndProject
Project("{FAE04EC0-301F-11D3-BF4B-00C04F79EFBC}") = "Infrastructure", "Infrastructure\Infrastructure.csproj", "{A19C5B38-24B5-44B4-AE06-A1833F098818}"
EndProject
Project("{FAE04EC0-301F-11D3-BF4B-00C04F79EFBC}") = "Shared", "Shared\Shared.csproj", "{71814492-4FA8-4C3F-B7B1-EA542280E7AE}"
EndProject
Global
	GlobalSection(SolutionConfigurationPlatforms) = preSolution
		Debug|Any CPU = Debug|Any CPU
		Release|Any CPU = Release|Any CPU
	EndGlobalSection
	GlobalSection(ProjectConfigurationPlatforms) = postSolution
		{B0EE9C39-CE0B-4441-A2DA-45DC57A1AEB9}.Debug|Any CPU.ActiveCfg = Debug|Any CPU
		{B0EE9C39-CE0B-4441-A2DA-45DC57A1AEB9}.Debug|Any CPU.Build.0 = Debug|Any CPU
		{B0EE9C39-CE0B-4441-A2DA-45DC57A1AEB9}.Release|Any CPU.ActiveCfg = Release|Any CPU
		{B0EE9C39-CE0B-4441-A2DA-45DC57A1AEB9}.Release|Any CPU.Build.0 = Release|Any CPU
		{A53A7230-1A54-48DA-9C04-E3F96C19DB99}.Debug|Any CPU.ActiveCfg = Debug|Any CPU
		{A53A7230-1A54-48DA-9C04-E3F96C19DB99}.Debug|Any CPU.Build.0 = Debug|Any CPU
		{A53A7230-1A54-48DA-9C04-E3F96C19DB99}.Release|Any CPU.ActiveCfg = Release|Any CPU
		{A53A7230-1A54-48DA-9C04-E3F96C19DB99}.Release|Any CPU.Build.0 = Release|Any CPU
		{95CA70A5-59FC-486E-951E-5A93227C071D}.Debug|Any CPU.ActiveCfg = Debug|Any CPU
		{95CA70A5-59FC-486E-951E-5A93227C071D}.Debug|Any CPU.Build.0 = Debug|Any CPU
		{95CA70A5-59FC-486E-951E-5A93227C071D}.Release|Any CPU.ActiveCfg = Release|Any CPU
		{95CA70A5-59FC-486E-951E-5A93227C071D}.Release|Any CPU.Build.0 = Release|Any CPU
		{A19C5B38-24B5-44B4-AE06-A1833F098818}.Debug|Any CPU.ActiveCfg = Debug|Any CPU
		{A19C5B38-24B5-44B4-AE06-A1833F098818}.Debug|Any CPU.Build.0 = Debug|Any CPU
		{A19C5B38-24B5-44B4-AE06-A1833F098818}.Release|Any CPU.ActiveCfg = Release|Any CPU
		{A19C5B38-24B5-44B4-AE06-A1833F098818}.Release|Any CPU.Build.0 = Release|Any CPU
		{71814492-4FA8-4C3F-B7B1-EA542280E7AE}.Debug|Any CPU.ActiveCfg = Debug|Any CPU
		{71814492-4FA8-4C3F-B7B1-EA542280E7AE}.Debug|Any CPU.Build.0 = Debug|Any CPU
		{71814492-4FA8-4C3F-B7B1-EA542280E7AE}.Release|Any CPU.ActiveCfg = Release|Any CPU
		{71814492-4FA8-4C3F-B7B1-EA542280E7AE}.Release|Any CPU.Build.0 = Release|Any CPU
	EndGlobalSection
	GlobalSection(SolutionProperties) = preSolution
		HideSolutionNode = FALSE
	EndGlobalSection
	GlobalSection(ExtensibilityGlobals) = postSolution
		SolutionGuid = {7E7A66DF-8480-4A7A-9A8F-D01754E26722}
	EndGlobalSection
EndGlobal
